
Microsoft Visual Studio Solution File, Format Version 12.00
# Visual Studio Version 16
VisualStudioVersion = 16.0.31624.102
MinimumVisualStudioVersion = 10.0.40219.1
Project("{FAE04EC0-301F-11D3-BF4B-00C04F79EFBC}") = "RS181977_Desafio03", "RS181977_Desafio03\RS181977_Desafio03.csproj", "{8C591144-EEBD-4ED9-A178-D686FA9427D7}"
EndProject
Project("{FAE04EC0-301F-11D3-BF4B-00C04F79EFBC}") = "RS181977_Desafio03.Tests", "RS181977_Desafio03.Tests\RS181977_Desafio03.Tests.csproj", "{467DBFFC-E009-4059-93AA-7A6B29224782}"
EndProject
Global
	GlobalSection(SolutionConfigurationPlatforms) = preSolution
		Debug|Any CPU = Debug|Any CPU
		Release|Any CPU = Release|Any CPU
	EndGlobalSection
	GlobalSection(ProjectConfigurationPlatforms) = postSolution
		{8C591144-EEBD-4ED9-A178-D686FA9427D7}.Debug|Any CPU.ActiveCfg = Debug|Any CPU
		{8C591144-EEBD-4ED9-A178-D686FA9427D7}.Debug|Any CPU.Build.0 = Debug|Any CPU
		{8C591144-EEBD-4ED9-A178-D686FA9427D7}.Release|Any CPU.ActiveCfg = Release|Any CPU
		{8C591144-EEBD-4ED9-A178-D686FA9427D7}.Release|Any CPU.Build.0 = Release|Any CPU
		{467DBFFC-E009-4059-93AA-7A6B29224782}.Debug|Any CPU.ActiveCfg = Debug|Any CPU
		{467DBFFC-E009-4059-93AA-7A6B29224782}.Debug|Any CPU.Build.0 = Debug|Any CPU
		{467DBFFC-E009-4059-93AA-7A6B29224782}.Release|Any CPU.ActiveCfg = Release|Any CPU
		{467DBFFC-E009-4059-93AA-7A6B29224782}.Release|Any CPU.Build.0 = Release|Any CPU
	EndGlobalSection
	GlobalSection(SolutionProperties) = preSolution
		HideSolutionNode = FALSE
	EndGlobalSection
	GlobalSection(ExtensibilityGlobals) = postSolution
		SolutionGuid = {FC8DD7AB-BFA4-4DEB-8CA2-2C410805A479}
	EndGlobalSection
EndGlobal
